
Microsoft Visual Studio Solution File, Format Version 12.00
# Visual Studio Version 16
VisualStudioVersion = 16.0.31025.194
MinimumVisualStudioVersion = 10.0.40219.1
Project("{8BC9CEB8-8B4A-11D0-8D11-00A0C91BC942}") = "Engine", "Engine\Engine.vcxproj", "{1C0243D6-B654-4781-922D-0045A950DAD1}"
	ProjectSection(ProjectDependencies) = postProject
		{2F48CAAD-10CE-4EB0-9BD1-164939EA1829} = {2F48CAAD-10CE-4EB0-9BD1-164939EA1829}
	EndProjectSection
EndProject
Project("{8BC9CEB8-8B4A-11D0-8D11-00A0C91BC942}") = "Sandbox", "Sandbox\Sandbox.vcxproj", "{9E88B572-A319-4FFD-8B2C-14B33079D653}"
	ProjectSection(ProjectDependencies) = postProject
		{1C0243D6-B654-4781-922D-0045A950DAD1} = {1C0243D6-B654-4781-922D-0045A950DAD1}
	EndProjectSection
EndProject
Project("{8BC9CEB8-8B4A-11D0-8D11-00A0C91BC942}") = "ImGui", "Engine\vendor\imgui\ImGui.vcxproj", "{2F48CAAD-10CE-4EB0-9BD1-164939EA1829}"
EndProject
Global
	GlobalSection(SolutionConfigurationPlatforms) = preSolution
		Debug|x64 = Debug|x64
		Release|x64 = Release|x64
	EndGlobalSection
	GlobalSection(ProjectConfigurationPlatforms) = postSolution
		{1C0243D6-B654-4781-922D-0045A950DAD1}.Debug|x64.ActiveCfg = Debug|x64
		{1C0243D6-B654-4781-922D-0045A950DAD1}.Debug|x64.Build.0 = Debug|x64
		{1C0243D6-B654-4781-922D-0045A950DAD1}.Release|x64.ActiveCfg = Release|x64
		{1C0243D6-B654-4781-922D-0045A950DAD1}.Release|x64.Build.0 = Release|x64
		{9E88B572-A319-4FFD-8B2C-14B33079D653}.Debug|x64.ActiveCfg = Debug|x64
		{9E88B572-A319-4FFD-8B2C-14B33079D653}.Debug|x64.Build.0 = Debug|x64
		{9E88B572-A319-4FFD-8B2C-14B33079D653}.Release|x64.ActiveCfg = Release|x64
		{9E88B572-A319-4FFD-8B2C-14B33079D653}.Release|x64.Build.0 = Release|x64
		{2F48CAAD-10CE-4EB0-9BD1-164939EA1829}.Debug|x64.ActiveCfg = Debug|x64
		{2F48CAAD-10CE-4EB0-9BD1-164939EA1829}.Debug|x64.Build.0 = Debug|x64
		{2F48CAAD-10CE-4EB0-9BD1-164939EA1829}.Release|x64.ActiveCfg = Release|x64
		{2F48CAAD-10CE-4EB0-9BD1-164939EA1829}.Release|x64.Build.0 = Release|x64
	EndGlobalSection
	GlobalSection(SolutionProperties) = preSolution
		HideSolutionNode = FALSE
	EndGlobalSection
	GlobalSection(ExtensibilityGlobals) = postSolution
		SolutionGuid = {4CD81D19-5A3C-44DB-9D46-01D568E616B6}
	EndGlobalSection
EndGlobal
